
Microsoft Visual Studio Solution File, Format Version 12.00
# Visual Studio Version 17
VisualStudioVersion = 17.2.32602.215
MinimumVisualStudioVersion = 10.0.40219.1
Project("{9A19103F-16F7-4668-BE54-9A1E7A4F7556}") = "GameFrame", "GameFrame\GameFrame.csproj", "{E0C186EC-FC96-4573-BC91-941A3FE80D9D}"
EndProject
Project("{9A19103F-16F7-4668-BE54-9A1E7A4F7556}") = "Gluttonous Snake", "Gluttonous Snake\Gluttonous Snake.csproj", "{6256A85F-3265-4DA5-8CE9-0A0AC297D787}"
EndProject
Project("{9A19103F-16F7-4668-BE54-9A1E7A4F7556}") = "GameProgram", "GameProgram\GameProgram.csproj", "{1A13724F-FBE4-4693-8DA6-1E86C6955F20}"
EndProject
Project("{9A19103F-16F7-4668-BE54-9A1E7A4F7556}") = "Test", "Test\Test.csproj", "{AE55DD33-11F6-4F94-92FF-14297965A6AC}"
EndProject
Project("{9A19103F-16F7-4668-BE54-9A1E7A4F7556}") = "Aircraft Battle", "Aircraft Battle\Aircraft Battle.csproj", "{CC1E7D04-AEDE-4957-A6C1-62D2FD777AAA}"
EndProject
Project("{9A19103F-16F7-4668-BE54-9A1E7A4F7556}") = "Mine Clearance", "Mine clearance\Mine Clearance.csproj", "{CF250789-ECD2-4627-B511-7CCC973658E6}"
EndProject
Project("{9A19103F-16F7-4668-BE54-9A1E7A4F7556}") = "ProjectManager", "ProjectManager\ProjectManager.csproj", "{839A9102-90DB-47E9-B91B-B2CC9C15D38C}"
EndProject
Project("{9A19103F-16F7-4668-BE54-9A1E7A4F7556}") = "MapEditor", "MapEditor\MapEditor.csproj", "{85570DB3-F92D-416D-92E7-939121E60E42}"
EndProject
Project("{9A19103F-16F7-4668-BE54-9A1E7A4F7556}") = "Rogue Remake", "Rogue Remake\Rogue Remake.csproj", "{D2BA9F54-5382-4212-B349-93C85E07AE31}"
EndProject
Project("{9A19103F-16F7-4668-BE54-9A1E7A4F7556}") = "2048 Game", "2048 Game\2048 Game.csproj", "{88976CFC-0609-45AC-83F4-355ED3BEE6F3}"
EndProject
Project("{9A19103F-16F7-4668-BE54-9A1E7A4F7556}") = "AnimalBattle", "AnimalBattle\AnimalBattle.csproj", "{70F457EB-A7ED-4754-8105-2D32A2B50DC5}"
EndProject
Project("{FAE04EC0-301F-11D3-BF4B-00C04F79EFBC}") = "NewGameFrame", "NewGameFrame\NewGameFrame.csproj", "{08E134F1-68BE-4F0D-BABD-5B737F3D2D93}"
EndProject
Project("{FAE04EC0-301F-11D3-BF4B-00C04F79EFBC}") = "NewFrameTest", "NewFrameTest\NewFrameTest.csproj", "{49B540AB-8933-41C4-840B-20306DEB9465}"
EndProject
Global
	GlobalSection(SolutionConfigurationPlatforms) = preSolution
		Debug|Any CPU = Debug|Any CPU
		Debug|x64 = Debug|x64
		Debug|x86 = Debug|x86
		Release|Any CPU = Release|Any CPU
		Release|x64 = Release|x64
		Release|x86 = Release|x86
	EndGlobalSection
	GlobalSection(ProjectConfigurationPlatforms) = postSolution
		{E0C186EC-FC96-4573-BC91-941A3FE80D9D}.Debug|Any CPU.ActiveCfg = Debug|Any CPU
		{E0C186EC-FC96-4573-BC91-941A3FE80D9D}.Debug|Any CPU.Build.0 = Debug|Any CPU
		{E0C186EC-FC96-4573-BC91-941A3FE80D9D}.Debug|x64.ActiveCfg = Debug|Any CPU
		{E0C186EC-FC96-4573-BC91-941A3FE80D9D}.Debug|x64.Build.0 = Debug|Any CPU
		{E0C186EC-FC96-4573-BC91-941A3FE80D9D}.Debug|x86.ActiveCfg = Debug|Any CPU
		{E0C186EC-FC96-4573-BC91-941A3FE80D9D}.Debug|x86.Build.0 = Debug|Any CPU
		{E0C186EC-FC96-4573-BC91-941A3FE80D9D}.Release|Any CPU.ActiveCfg = Release|Any CPU
		{E0C186EC-FC96-4573-BC91-941A3FE80D9D}.Release|Any CPU.Build.0 = Release|Any CPU
		{E0C186EC-FC96-4573-BC91-941A3FE80D9D}.Release|x64.ActiveCfg = Release|Any CPU
		{E0C186EC-FC96-4573-BC91-941A3FE80D9D}.Release|x64.Build.0 = Release|Any CPU
		{E0C186EC-FC96-4573-BC91-941A3FE80D9D}.Release|x86.ActiveCfg = Release|Any CPU
		{E0C186EC-FC96-4573-BC91-941A3FE80D9D}.Release|x86.Build.0 = Release|Any CPU
		{6256A85F-3265-4DA5-8CE9-0A0AC297D787}.Debug|Any CPU.ActiveCfg = Debug|Any CPU
		{6256A85F-3265-4DA5-8CE9-0A0AC297D787}.Debug|Any CPU.Build.0 = Debug|Any CPU
		{6256A85F-3265-4DA5-8CE9-0A0AC297D787}.Debug|x64.ActiveCfg = Debug|Any CPU
		{6256A85F-3265-4DA5-8CE9-0A0AC297D787}.Debug|x64.Build.0 = Debug|Any CPU
		{6256A85F-3265-4DA5-8CE9-0A0AC297D787}.Debug|x86.ActiveCfg = Debug|Any CPU
		{6256A85F-3265-4DA5-8CE9-0A0AC297D787}.Debug|x86.Build.0 = Debug|Any CPU
		{6256A85F-3265-4DA5-8CE9-0A0AC297D787}.Release|Any CPU.ActiveCfg = Release|Any CPU
		{6256A85F-3265-4DA5-8CE9-0A0AC297D787}.Release|Any CPU.Build.0 = Release|Any CPU
		{6256A85F-3265-4DA5-8CE9-0A0AC297D787}.Release|x64.ActiveCfg = Release|Any CPU
		{6256A85F-3265-4DA5-8CE9-0A0AC297D787}.Release|x64.Build.0 = Release|Any CPU
		{6256A85F-3265-4DA5-8CE9-0A0AC297D787}.Release|x86.ActiveCfg = Release|Any CPU
		{6256A85F-3265-4DA5-8CE9-0A0AC297D787}.Release|x86.Build.0 = Release|Any CPU
		{1A13724F-FBE4-4693-8DA6-1E86C6955F20}.Debug|Any CPU.ActiveCfg = Debug|Any CPU
		{1A13724F-FBE4-4693-8DA6-1E86C6955F20}.Debug|Any CPU.Build.0 = Debug|Any CPU
		{1A13724F-FBE4-4693-8DA6-1E86C6955F20}.Debug|x64.ActiveCfg = Debug|Any CPU
		{1A13724F-FBE4-4693-8DA6-1E86C6955F20}.Debug|x64.Build.0 = Debug|Any CPU
		{1A13724F-FBE4-4693-8DA6-1E86C6955F20}.Debug|x86.ActiveCfg = Debug|Any CPU
		{1A13724F-FBE4-4693-8DA6-1E86C6955F20}.Debug|x86.Build.0 = Debug|Any CPU
		{1A13724F-FBE4-4693-8DA6-1E86C6955F20}.Release|Any CPU.ActiveCfg = Release|Any CPU
		{1A13724F-FBE4-4693-8DA6-1E86C6955F20}.Release|Any CPU.Build.0 = Release|Any CPU
		{1A13724F-FBE4-4693-8DA6-1E86C6955F20}.Release|x64.ActiveCfg = Release|Any CPU
		{1A13724F-FBE4-4693-8DA6-1E86C6955F20}.Release|x64.Build.0 = Release|Any CPU
		{1A13724F-FBE4-4693-8DA6-1E86C6955F20}.Release|x86.ActiveCfg = Release|Any CPU
		{1A13724F-FBE4-4693-8DA6-1E86C6955F20}.Release|x86.Build.0 = Release|Any CPU
		{AE55DD33-11F6-4F94-92FF-14297965A6AC}.Debug|Any CPU.ActiveCfg = Debug|Any CPU
		{AE55DD33-11F6-4F94-92FF-14297965A6AC}.Debug|Any CPU.Build.0 = Debug|Any CPU
		{AE55DD33-11F6-4F94-92FF-14297965A6AC}.Debug|x64.ActiveCfg = Debug|Any CPU
		{AE55DD33-11F6-4F94-92FF-14297965A6AC}.Debug|x64.Build.0 = Debug|Any CPU
		{AE55DD33-11F6-4F94-92FF-14297965A6AC}.Debug|x86.ActiveCfg = Debug|Any CPU
		{AE55DD33-11F6-4F94-92FF-14297965A6AC}.Debug|x86.Build.0 = Debug|Any CPU
		{AE55DD33-11F6-4F94-92FF-14297965A6AC}.Release|Any CPU.ActiveCfg = Release|Any CPU
		{AE55DD33-11F6-4F94-92FF-14297965A6AC}.Release|Any CPU.Build.0 = Release|Any CPU
		{AE55DD33-11F6-4F94-92FF-14297965A6AC}.Release|x64.ActiveCfg = Release|Any CPU
		{AE55DD33-11F6-4F94-92FF-14297965A6AC}.Release|x64.Build.0 = Release|Any CPU
		{AE55DD33-11F6-4F94-92FF-14297965A6AC}.Release|x86.ActiveCfg = Release|Any CPU
		{AE55DD33-11F6-4F94-92FF-14297965A6AC}.Release|x86.Build.0 = Release|Any CPU
		{CC1E7D04-AEDE-4957-A6C1-62D2FD777AAA}.Debug|Any CPU.ActiveCfg = Debug|Any CPU
		{CC1E7D04-AEDE-4957-A6C1-62D2FD777AAA}.Debug|Any CPU.Build.0 = Debug|Any CPU
		{CC1E7D04-AEDE-4957-A6C1-62D2FD777AAA}.Debug|x64.ActiveCfg = Debug|Any CPU
		{CC1E7D04-AEDE-4957-A6C1-62D2FD777AAA}.Debug|x64.Build.0 = Debug|Any CPU
		{CC1E7D04-AEDE-4957-A6C1-62D2FD777AAA}.Debug|x86.ActiveCfg = Debug|Any CPU
		{CC1E7D04-AEDE-4957-A6C1-62D2FD777AAA}.Debug|x86.Build.0 = Debug|Any CPU
		{CC1E7D04-AEDE-4957-A6C1-62D2FD777AAA}.Release|Any CPU.ActiveCfg = Release|Any CPU
		{CC1E7D04-AEDE-4957-A6C1-62D2FD777AAA}.Release|Any CPU.Build.0 = Release|Any CPU
		{CC1E7D04-AEDE-4957-A6C1-62D2FD777AAA}.Release|x64.ActiveCfg = Release|Any CPU
		{CC1E7D04-AEDE-4957-A6C1-62D2FD777AAA}.Release|x64.Build.0 = Release|Any CPU
		{CC1E7D04-AEDE-4957-A6C1-62D2FD777AAA}.Release|x86.ActiveCfg = Release|Any CPU
		{CC1E7D04-AEDE-4957-A6C1-62D2FD777AAA}.Release|x86.Build.0 = Release|Any CPU
		{CF250789-ECD2-4627-B511-7CCC973658E6}.Debug|Any CPU.ActiveCfg = Debug|Any CPU
		{CF250789-ECD2-4627-B511-7CCC973658E6}.Debug|Any CPU.Build.0 = Debug|Any CPU
		{CF250789-ECD2-4627-B511-7CCC973658E6}.Debug|x64.ActiveCfg = Debug|Any CPU
		{CF250789-ECD2-4627-B511-7CCC973658E6}.Debug|x64.Build.0 = Debug|Any CPU
		{CF250789-ECD2-4627-B511-7CCC973658E6}.Debug|x86.ActiveCfg = Debug|Any CPU
		{CF250789-ECD2-4627-B511-7CCC973658E6}.Debug|x86.Build.0 = Debug|Any CPU
		{CF250789-ECD2-4627-B511-7CCC973658E6}.Release|Any CPU.ActiveCfg = Release|Any CPU
		{CF250789-ECD2-4627-B511-7CCC973658E6}.Release|Any CPU.Build.0 = Release|Any CPU
		{CF250789-ECD2-4627-B511-7CCC973658E6}.Release|x64.ActiveCfg = Release|Any CPU
		{CF250789-ECD2-4627-B511-7CCC973658E6}.Release|x64.Build.0 = Release|Any CPU
		{CF250789-ECD2-4627-B511-7CCC973658E6}.Release|x86.ActiveCfg = Release|Any CPU
		{CF250789-ECD2-4627-B511-7CCC973658E6}.Release|x86.Build.0 = Release|Any CPU
		{839A9102-90DB-47E9-B91B-B2CC9C15D38C}.Debug|Any CPU.ActiveCfg = Debug|Any CPU
		{839A9102-90DB-47E9-B91B-B2CC9C15D38C}.Debug|Any CPU.Build.0 = Debug|Any CPU
		{839A9102-90DB-47E9-B91B-B2CC9C15D38C}.Debug|x64.ActiveCfg = Debug|Any CPU
		{839A9102-90DB-47E9-B91B-B2CC9C15D38C}.Debug|x64.Build.0 = Debug|Any CPU
		{839A9102-90DB-47E9-B91B-B2CC9C15D38C}.Debug|x86.ActiveCfg = Debug|Any CPU
		{839A9102-90DB-47E9-B91B-B2CC9C15D38C}.Debug|x86.Build.0 = Debug|Any CPU
		{839A9102-90DB-47E9-B91B-B2CC9C15D38C}.Release|Any CPU.ActiveCfg = Release|Any CPU
		{839A9102-90DB-47E9-B91B-B2CC9C15D38C}.Release|Any CPU.Build.0 = Release|Any CPU
		{839A9102-90DB-47E9-B91B-B2CC9C15D38C}.Release|x64.ActiveCfg = Release|Any CPU
		{839A9102-90DB-47E9-B91B-B2CC9C15D38C}.Release|x64.Build.0 = Release|Any CPU
		{839A9102-90DB-47E9-B91B-B2CC9C15D38C}.Release|x86.ActiveCfg = Release|Any CPU
		{839A9102-90DB-47E9-B91B-B2CC9C15D38C}.Release|x86.Build.0 = Release|Any CPU
		{85570DB3-F92D-416D-92E7-939121E60E42}.Debug|Any CPU.ActiveCfg = Debug|Any CPU
		{85570DB3-F92D-416D-92E7-939121E60E42}.Debug|Any CPU.Build.0 = Debug|Any CPU
		{85570DB3-F92D-416D-92E7-939121E60E42}.Debug|x64.ActiveCfg = Debug|Any CPU
		{85570DB3-F92D-416D-92E7-939121E60E42}.Debug|x64.Build.0 = Debug|Any CPU
		{85570DB3-F92D-416D-92E7-939121E60E42}.Debug|x86.ActiveCfg = Debug|Any CPU
		{85570DB3-F92D-416D-92E7-939121E60E42}.Debug|x86.Build.0 = Debug|Any CPU
		{85570DB3-F92D-416D-92E7-939121E60E42}.Release|Any CPU.ActiveCfg = Release|Any CPU
		{85570DB3-F92D-416D-92E7-939121E60E42}.Release|Any CPU.Build.0 = Release|Any CPU
		{85570DB3-F92D-416D-92E7-939121E60E42}.Release|x64.ActiveCfg = Release|Any CPU
		{85570DB3-F92D-416D-92E7-939121E60E42}.Release|x64.Build.0 = Release|Any CPU
		{85570DB3-F92D-416D-92E7-939121E60E42}.Release|x86.ActiveCfg = Release|Any CPU
		{85570DB3-F92D-416D-92E7-939121E60E42}.Release|x86.Build.0 = Release|Any CPU
		{D2BA9F54-5382-4212-B349-93C85E07AE31}.Debug|Any CPU.ActiveCfg = Debug|Any CPU
		{D2BA9F54-5382-4212-B349-93C85E07AE31}.Debug|Any CPU.Build.0 = Debug|Any CPU
		{D2BA9F54-5382-4212-B349-93C85E07AE31}.Debug|x64.ActiveCfg = Debug|Any CPU
		{D2BA9F54-5382-4212-B349-93C85E07AE31}.Debug|x64.Build.0 = Debug|Any CPU
		{D2BA9F54-5382-4212-B349-93C85E07AE31}.Debug|x86.ActiveCfg = Debug|Any CPU
		{D2BA9F54-5382-4212-B349-93C85E07AE31}.Debug|x86.Build.0 = Debug|Any CPU
		{D2BA9F54-5382-4212-B349-93C85E07AE31}.Release|Any CPU.ActiveCfg = Release|Any CPU
		{D2BA9F54-5382-4212-B349-93C85E07AE31}.Release|Any CPU.Build.0 = Release|Any CPU
		{D2BA9F54-5382-4212-B349-93C85E07AE31}.Release|x64.ActiveCfg = Release|Any CPU
		{D2BA9F54-5382-4212-B349-93C85E07AE31}.Release|x64.Build.0 = Release|Any CPU
		{D2BA9F54-5382-4212-B349-93C85E07AE31}.Release|x86.ActiveCfg = Release|Any CPU
		{D2BA9F54-5382-4212-B349-93C85E07AE31}.Release|x86.Build.0 = Release|Any CPU
		{88976CFC-0609-45AC-83F4-355ED3BEE6F3}.Debug|Any CPU.ActiveCfg = Debug|Any CPU
		{88976CFC-0609-45AC-83F4-355ED3BEE6F3}.Debug|Any CPU.Build.0 = Debug|Any CPU
		{88976CFC-0609-45AC-83F4-355ED3BEE6F3}.Debug|x64.ActiveCfg = Debug|Any CPU
		{88976CFC-0609-45AC-83F4-355ED3BEE6F3}.Debug|x64.Build.0 = Debug|Any CPU
		{88976CFC-0609-45AC-83F4-355ED3BEE6F3}.Debug|x86.ActiveCfg = Debug|Any CPU
		{88976CFC-0609-45AC-83F4-355ED3BEE6F3}.Debug|x86.Build.0 = Debug|Any CPU
		{88976CFC-0609-45AC-83F4-355ED3BEE6F3}.Release|Any CPU.ActiveCfg = Release|Any CPU
		{88976CFC-0609-45AC-83F4-355ED3BEE6F3}.Release|Any CPU.Build.0 = Release|Any CPU
		{88976CFC-0609-45AC-83F4-355ED3BEE6F3}.Release|x64.ActiveCfg = Release|Any CPU
		{88976CFC-0609-45AC-83F4-355ED3BEE6F3}.Release|x64.Build.0 = Release|Any CPU
		{88976CFC-0609-45AC-83F4-355ED3BEE6F3}.Release|x86.ActiveCfg = Release|Any CPU
		{88976CFC-0609-45AC-83F4-355ED3BEE6F3}.Release|x86.Build.0 = Release|Any CPU
		{70F457EB-A7ED-4754-8105-2D32A2B50DC5}.Debug|Any CPU.ActiveCfg = Debug|Any CPU
		{70F457EB-A7ED-4754-8105-2D32A2B50DC5}.Debug|Any CPU.Build.0 = Debug|Any CPU
		{70F457EB-A7ED-4754-8105-2D32A2B50DC5}.Debug|x64.ActiveCfg = Debug|Any CPU
		{70F457EB-A7ED-4754-8105-2D32A2B50DC5}.Debug|x64.Build.0 = Debug|Any CPU
		{70F457EB-A7ED-4754-8105-2D32A2B50DC5}.Debug|x86.ActiveCfg = Debug|Any CPU
		{70F457EB-A7ED-4754-8105-2D32A2B50DC5}.Debug|x86.Build.0 = Debug|Any CPU
		{70F457EB-A7ED-4754-8105-2D32A2B50DC5}.Release|Any CPU.ActiveCfg = Release|Any CPU
		{70F457EB-A7ED-4754-8105-2D32A2B50DC5}.Release|Any CPU.Build.0 = Release|Any CPU
		{70F457EB-A7ED-4754-8105-2D32A2B50DC5}.Release|x64.ActiveCfg = Release|Any CPU
		{70F457EB-A7ED-4754-8105-2D32A2B50DC5}.Release|x64.Build.0 = Release|Any CPU
		{70F457EB-A7ED-4754-8105-2D32A2B50DC5}.Release|x86.ActiveCfg = Release|Any CPU
		{70F457EB-A7ED-4754-8105-2D32A2B50DC5}.Release|x86.Build.0 = Release|Any CPU
		{08E134F1-68BE-4F0D-BABD-5B737F3D2D93}.Debug|Any CPU.ActiveCfg = Debug|Any CPU
		{08E134F1-68BE-4F0D-BABD-5B737F3D2D93}.Debug|Any CPU.Build.0 = Debug|Any CPU
		{08E134F1-68BE-4F0D-BABD-5B737F3D2D93}.Debug|x64.ActiveCfg = Debug|Any CPU
		{08E134F1-68BE-4F0D-BABD-5B737F3D2D93}.Debug|x64.Build.0 = Debug|Any CPU
		{08E134F1-68BE-4F0D-BABD-5B737F3D2D93}.Debug|x86.ActiveCfg = Debug|Any CPU
		{08E134F1-68BE-4F0D-BABD-5B737F3D2D93}.Debug|x86.Build.0 = Debug|Any CPU
		{08E134F1-68BE-4F0D-BABD-5B737F3D2D93}.Release|Any CPU.ActiveCfg = Release|Any CPU
		{08E134F1-68BE-4F0D-BABD-5B737F3D2D93}.Release|Any CPU.Build.0 = Release|Any CPU
		{08E134F1-68BE-4F0D-BABD-5B737F3D2D93}.Release|x64.ActiveCfg = Release|Any CPU
		{08E134F1-68BE-4F0D-BABD-5B737F3D2D93}.Release|x64.Build.0 = Release|Any CPU
		{08E134F1-68BE-4F0D-BABD-5B737F3D2D93}.Release|x86.ActiveCfg = Release|Any CPU
		{08E134F1-68BE-4F0D-BABD-5B737F3D2D93}.Release|x86.Build.0 = Release|Any CPU
		{49B540AB-8933-41C4-840B-20306DEB9465}.Debug|Any CPU.ActiveCfg = Debug|Any CPU
		{49B540AB-8933-41C4-840B-20306DEB9465}.Debug|Any CPU.Build.0 = Debug|Any CPU
		{49B540AB-8933-41C4-840B-20306DEB9465}.Debug|x64.ActiveCfg = Debug|Any CPU
		{49B540AB-8933-41C4-840B-20306DEB9465}.Debug|x64.Build.0 = Debug|Any CPU
		{49B540AB-8933-41C4-840B-20306DEB9465}.Debug|x86.ActiveCfg = Debug|Any CPU
		{49B540AB-8933-41C4-840B-20306DEB9465}.Debug|x86.Build.0 = Debug|Any CPU
		{49B540AB-8933-41C4-840B-20306DEB9465}.Release|Any CPU.ActiveCfg = Release|Any CPU
		{49B540AB-8933-41C4-840B-20306DEB9465}.Release|Any CPU.Build.0 = Release|Any CPU
		{49B540AB-8933-41C4-840B-20306DEB9465}.Release|x64.ActiveCfg = Release|Any CPU
		{49B540AB-8933-41C4-840B-20306DEB9465}.Release|x64.Build.0 = Release|Any CPU
		{49B540AB-8933-41C4-840B-20306DEB9465}.Release|x86.ActiveCfg = Release|Any CPU
		{49B540AB-8933-41C4-840B-20306DEB9465}.Release|x86.Build.0 = Release|Any CPU
	EndGlobalSection
	GlobalSection(SolutionProperties) = preSolution
		HideSolutionNode = FALSE
	EndGlobalSection
	GlobalSection(ExtensibilityGlobals) = postSolution
		SolutionGuid = {C570BB38-C8DD-4823-96BE-947513633561}
	EndGlobalSection
EndGlobal
